{
  "name": "warning",
  "version": "1.0.0",
  "lockfileVersion": 2,
  "requires": true,
  "packages": {
    "": {
      "version": "1.0.0",
      "license": "ISC",
      "devDependencies": {
        "@actions/core": "^1.6.0",
        "@vercel/ncc": "^0.33.3",
        "htmlparser2": "^7.2.0",
        "node-fetch": "2.0",
        "nodemailer": "^6.7.2"
      }
    },
    "node_modules/@actions/core": {
      "version": "1.6.0",
      "resolved": "https://registry.npmjs.org/@actions/core/-/core-1.6.0.tgz",
      "integrity": "sha512-NB1UAZomZlCV/LmJqkLhNTqtKfFXJZAUPcfl/zqG7EfsQdeUJtaWO98SGbuQ3pydJ3fHl2CvI/51OKYlCYYcaw==",
      "dev": true,
      "dependencies": {
        "@actions/http-client": "^1.0.11"
      }
    },
    "node_modules/@actions/http-client": {
      "version": "1.0.11",
      "resolved": "https://registry.npmjs.org/@actions/http-client/-/http-client-1.0.11.tgz",
      "integrity": "sha512-VRYHGQV1rqnROJqdMvGUbY/Kn8vriQe/F9HR2AlYHzmKuM/p3kjNuXhmdBfcVgsvRWTz5C5XW5xvndZrVBuAYg==",
      "dev": true,
      "dependencies": {
        "tunnel": "0.0.6"
      }
    },
    "node_modules/@vercel/ncc": {
      "version": "0.33.3",
      "resolved": "https://registry.npmjs.org/@vercel/ncc/-/ncc-0.33.3.tgz",
      "integrity": "sha512-JGZ11QV+/ZcfudW2Cz2JVp54/pJNXbsuWRgSh2ZmmZdQBKXqBtIGrwI1Wyx8nlbzAiEFe7FHi4K1zX4//jxTnQ==",
      "dev": true,
      "bin": {
        "ncc": "dist/ncc/cli.js"
      }
    },
    "node_modules/dom-serializer": {
      "version": "1.3.2",
      "resolved": "https://registry.npmjs.org/dom-serializer/-/dom-serializer-1.3.2.tgz",
      "integrity": "sha512-5c54Bk5Dw4qAxNOI1pFEizPSjVsx5+bpJKmL2kPn8JhBUq2q09tTCa3mjijun2NfK78NMouDYNMBkOrPZiS+ig==",
      "dev": true,
      "dependencies": {
        "domelementtype": "^2.0.1",
        "domhandler": "^4.2.0",
        "entities": "^2.0.0"
      },
      "funding": {
        "url": "https://github.com/cheeriojs/dom-serializer?sponsor=1"
      }
    },
    "node_modules/dom-serializer/node_modules/entities": {
      "version": "2.2.0",
      "resolved": "https://registry.npmjs.org/entities/-/entities-2.2.0.tgz",
      "integrity": "sha512-p92if5Nz619I0w+akJrLZH0MX0Pb5DX39XOwQTtXSdQQOaYH03S1uIQp4mhOZtAXrxq4ViO67YTiLBo2638o9A==",
      "dev": true,
      "funding": {
        "url": "https://github.com/fb55/entities?sponsor=1"
      }
    },
    "node_modules/domelementtype": {
      "version": "2.2.0",
      "resolved": "https://registry.npmjs.org/domelementtype/-/domelementtype-2.2.0.tgz",
      "integrity": "sha512-DtBMo82pv1dFtUmHyr48beiuq792Sxohr+8Hm9zoxklYPfa6n0Z3Byjj2IV7bmr2IyqClnqEQhfgHJJ5QF0R5A==",
      "dev": true,
      "funding": [
        {
          "type": "github",
          "url": "https://github.com/sponsors/fb55"
        }
      ]
    },
    "node_modules/domhandler": {
      "version": "4.3.0",
      "resolved": "https://registry.npmjs.org/domhandler/-/domhandler-4.3.0.tgz",
      "integrity": "sha512-fC0aXNQXqKSFTr2wDNZDhsEYjCiYsDWl3D01kwt25hm1YIPyDGHvvi3rw+PLqHAl/m71MaiF7d5zvBr0p5UB2g==",
      "dev": true,
      "dependencies": {
        "domelementtype": "^2.2.0"
      },
      "engines": {
        "node": ">= 4"
      },
      "funding": {
        "url": "https://github.com/fb55/domhandler?sponsor=1"
      }
    },
    "node_modules/domutils": {
      "version": "2.8.0",
      "resolved": "https://registry.npmjs.org/domutils/-/domutils-2.8.0.tgz",
      "integrity": "sha512-w96Cjofp72M5IIhpjgobBimYEfoPjx1Vx0BSX9P30WBdZW2WIKU0T1Bd0kz2eNZ9ikjKgHbEyKx8BB6H1L3h3A==",
      "dev": true,
      "dependencies": {
        "dom-serializer": "^1.0.1",
        "domelementtype": "^2.2.0",
        "domhandler": "^4.2.0"
      },
      "funding": {
        "url": "https://github.com/fb55/domutils?sponsor=1"
      }
    },
    "node_modules/entities": {
      "version": "3.0.1",
      "resolved": "https://registry.npmjs.org/entities/-/entities-3.0.1.tgz",
      "integrity": "sha512-WiyBqoomrwMdFG1e0kqvASYfnlb0lp8M5o5Fw2OFq1hNZxxcNk8Ik0Xm7LxzBhuidnZB/UtBqVCgUz3kBOP51Q==",
      "dev": true,
      "engines": {
        "node": ">=0.12"
      },
      "funding": {
        "url": "https://github.com/fb55/entities?sponsor=1"
      }
    },
    "node_modules/htmlparser2": {
      "version": "7.2.0",
      "resolved": "https://registry.npmjs.org/htmlparser2/-/htmlparser2-7.2.0.tgz",
      "integrity": "sha512-H7MImA4MS6cw7nbyURtLPO1Tms7C5H602LRETv95z1MxO/7CP7rDVROehUYeYBUYEON94NXXDEPmZuq+hX4sog==",
      "dev": true,
      "funding": [
        "https://github.com/fb55/htmlparser2?sponsor=1",
        {
          "type": "github",
          "url": "https://github.com/sponsors/fb55"
        }
      ],
      "dependencies": {
        "domelementtype": "^2.0.1",
        "domhandler": "^4.2.2",
        "domutils": "^2.8.0",
        "entities": "^3.0.1"
      }
    },
    "node_modules/node-fetch": {
      "version": "2.0.0",
      "resolved": "https://registry.npmjs.org/node-fetch/-/node-fetch-2.0.0.tgz",
      "integrity": "sha1-mCu6Q+zU8pIqKcwYamu7C7c/y6Y=",
      "dev": true,
      "engines": {
        "node": "4.x || >=6.0.0"
      }
    },
    "node_modules/nodemailer": {
      "version": "6.7.2",
      "resolved": "https://registry.npmjs.org/nodemailer/-/nodemailer-6.7.2.tgz",
      "integrity": "sha512-Dz7zVwlef4k5R71fdmxwR8Q39fiboGbu3xgswkzGwczUfjp873rVxt1O46+Fh0j1ORnAC6L9+heI8uUpO6DT7Q==",
      "dev": true,
      "engines": {
        "node": ">=6.0.0"
      }
    },
    "node_modules/tunnel": {
      "version": "0.0.6",
      "resolved": "https://registry.npmjs.org/tunnel/-/tunnel-0.0.6.tgz",
      "integrity": "sha512-1h/Lnq9yajKY2PEbBadPXj3VxsDDu844OnaAo52UVmIzIvwwtBPIuNvkjuzBlTWpfJyUbG3ez0KSBibQkj4ojg==",
      "dev": true,
      "engines": {
        "node": ">=0.6.11 <=0.7.0 || >=0.7.3"
      }
    }
  },
  "dependencies": {
    "@actions/core": {
      "version": "1.6.0",
      "resolved": "https://registry.npmjs.org/@actions/core/-/core-1.6.0.tgz",
      "integrity": "sha512-NB1UAZomZlCV/LmJqkLhNTqtKfFXJZAUPcfl/zqG7EfsQdeUJtaWO98SGbuQ3pydJ3fHl2CvI/51OKYlCYYcaw==",
      "dev": true,
      "requires": {
        "@actions/http-client": "^1.0.11"
      }
    },
    "@actions/http-client": {
      "version": "1.0.11",
      "resolved": "https://registry.npmjs.org/@actions/http-client/-/http-client-1.0.11.tgz",
      "integrity": "sha512-VRYHGQV1rqnROJqdMvGUbY/Kn8vriQe/F9HR2AlYHzmKuM/p3kjNuXhmdBfcVgsvRWTz5C5XW5xvndZrVBuAYg==",
      "dev": true,
      "requires": {
        "tunnel": "0.0.6"
      }
    },
    "@vercel/ncc": {
      "version": "0.33.3",
      "resolved": "https://registry.npmjs.org/@vercel/ncc/-/ncc-0.33.3.tgz",
      "integrity": "sha512-JGZ11QV+/ZcfudW2Cz2JVp54/pJNXbsuWRgSh2ZmmZdQBKXqBtIGrwI1Wyx8nlbzAiEFe7FHi4K1zX4//jxTnQ==",
      "dev": true
    },
    "dom-serializer": {
      "version": "1.3.2",
      "resolved": "https://registry.npmjs.org/dom-serializer/-/dom-serializer-1.3.2.tgz",
      "integrity": "sha512-5c54Bk5Dw4qAxNOI1pFEizPSjVsx5+bpJKmL2kPn8JhBUq2q09tTCa3mjijun2NfK78NMouDYNMBkOrPZiS+ig==",
      "dev": true,
      "requires": {
        "domelementtype": "^2.0.1",
        "domhandler": "^4.2.0",
        "entities": "^2.0.0"
      },
      "dependencies": {
        "entities": {
          "version": "2.2.0",
          "resolved": "https://registry.npmjs.org/entities/-/entities-2.2.0.tgz",
          "integrity": "sha512-p92if5Nz619I0w+akJrLZH0MX0Pb5DX39XOwQTtXSdQQOaYH03S1uIQp4mhOZtAXrxq4ViO67YTiLBo2638o9A==",
          "dev": true
        }
      }
    },
    "domelementtype": {
      "version": "2.2.0",
      "resolved": "https://registry.npmjs.org/domelementtype/-/domelementtype-2.2.0.tgz",
      "integrity": "sha512-DtBMo82pv1dFtUmHyr48beiuq792Sxohr+8Hm9zoxklYPfa6n0Z3Byjj2IV7bmr2IyqClnqEQhfgHJJ5QF0R5A==",
      "dev": true
    },
    "domhandler": {
      "version": "4.3.0",
      "resolved": "https://registry.npmjs.org/domhandler/-/domhandler-4.3.0.tgz",
      "integrity": "sha512-fC0aXNQXqKSFTr2wDNZDhsEYjCiYsDWl3D01kwt25hm1YIPyDGHvvi3rw+PLqHAl/m71MaiF7d5zvBr0p5UB2g==",
      "dev": true,
      "requires": {
        "domelementtype": "^2.2.0"
      }
    },
    "domutils": {
      "version": "2.8.0",
      "resolved": "https://registry.npmjs.org/domutils/-/domutils-2.8.0.tgz",
      "integrity": "sha512-w96Cjofp72M5IIhpjgobBimYEfoPjx1Vx0BSX9P30WBdZW2WIKU0T1Bd0kz2eNZ9ikjKgHbEyKx8BB6H1L3h3A==",
      "dev": true,
      "requires": {
        "dom-serializer": "^1.0.1",
        "domelementtype": "^2.2.0",
        "domhandler": "^4.2.0"
      }
    },
    "entities": {
      "version": "3.0.1",
      "resolved": "https://registry.npmjs.org/entities/-/entities-3.0.1.tgz",
      "integrity": "sha512-WiyBqoomrwMdFG1e0kqvASYfnlb0lp8M5o5Fw2OFq1hNZxxcNk8Ik0Xm7LxzBhuidnZB/UtBqVCgUz3kBOP51Q==",
      "dev": true
    },
    "htmlparser2": {
      "version": "7.2.0",
      "resolved": "https://registry.npmjs.org/htmlparser2/-/htmlparser2-7.2.0.tgz",
      "integrity": "sha512-H7MImA4MS6cw7nbyURtLPO1Tms7C5H602LRETv95z1MxO/7CP7rDVROehUYeYBUYEON94NXXDEPmZuq+hX4sog==",
      "dev": true,
      "requires": {
        "domelementtype": "^2.0.1",
        "domhandler": "^4.2.2",
        "domutils": "^2.8.0",
        "entities": "^3.0.1"
      }
    },
    "node-fetch": {
      "version": "2.0.0",
      "resolved": "https://registry.npmjs.org/node-fetch/-/node-fetch-2.0.0.tgz",
      "integrity": "sha1-mCu6Q+zU8pIqKcwYamu7C7c/y6Y=",
      "dev": true
    },
    "nodemailer": {
      "version": "6.7.2",
      "resolved": "https://registry.npmjs.org/nodemailer/-/nodemailer-6.7.2.tgz",
      "integrity": "sha512-Dz7zVwlef4k5R71fdmxwR8Q39fiboGbu3xgswkzGwczUfjp873rVxt1O46+Fh0j1ORnAC6L9+heI8uUpO6DT7Q==",
      "dev": true
    },
    "tunnel": {
      "version": "0.0.6",
      "resolved": "https://registry.npmjs.org/tunnel/-/tunnel-0.0.6.tgz",
      "integrity": "sha512-1h/Lnq9yajKY2PEbBadPXj3VxsDDu844OnaAo52UVmIzIvwwtBPIuNvkjuzBlTWpfJyUbG3ez0KSBibQkj4ojg==",
      "dev": true
    }
  }
}
